
Microsoft Visual Studio Solution File, Format Version 12.00
# Visual Studio 15
VisualStudioVersion = 15.0.26430.12
MinimumVisualStudioVersion = 10.0.40219.1
Project("{FAE04EC0-301F-11D3-BF4B-00C04F79EFBC}") = "OPUPMS.UI.Web.ConsoleTest", "OPUPMS.UI\OPUPMS.Web.ConsoleTest\OPUPMS.UI.Web.ConsoleTest.csproj", "{F6C4F7A1-C664-4D7D-A4B5-C5B594C15F92}"
EndProject
Project("{2150E333-8FDC-42A3-9474-1A3956D46DE8}") = "5.OPUPMS.UI", "5.OPUPMS.UI", "{2A07304D-045B-46CE-98A1-C64585BBDB17}"
EndProject
Project("{2150E333-8FDC-42A3-9474-1A3956D46DE8}") = "1.OPUPMS.Framework", "1.OPUPMS.Framework", "{6CB8AB6F-2297-45F7-B915-B5C4361D9461}"
EndProject
Project("{2150E333-8FDC-42A3-9474-1A3956D46DE8}") = "2.OPUPMS.Infrastructure", "2.OPUPMS.Infrastructure", "{A30C403A-2ACF-48D9-8C68-036533D17D61}"
EndProject
Project("{2150E333-8FDC-42A3-9474-1A3956D46DE8}") = "3.OPUPMS.Domain", "3.OPUPMS.Domain", "{B3C9A6E7-753C-4BD3-A7DF-DA200C024593}"
EndProject
Project("{2150E333-8FDC-42A3-9474-1A3956D46DE8}") = "4.OPUPMS.Plugins", "4.OPUPMS.Plugins", "{0F2AC528-508A-4315-8B2C-6F367F94C02D}"
EndProject
Project("{FAE04EC0-301F-11D3-BF4B-00C04F79EFBC}") = "OPUPMS.Web.Framework.Core", "OPUPMS.Framework\OPUPMS.Web.Framework.Core\OPUPMS.Web.Framework.Core.csproj", "{9260E709-81C7-48A9-9435-475BE75B2C5B}"
EndProject
Project("{FAE04EC0-301F-11D3-BF4B-00C04F79EFBC}") = "OPUPMS.Infrastructure.Dapper", "OPUPMS.Infrastructure\OPUPMS.Infrastructure.Dapper\OPUPMS.Infrastructure.Dapper.csproj", "{B7F79BCA-A547-482C-94E4-BC33674287CF}"
EndProject
Project("{2150E333-8FDC-42A3-9474-1A3956D46DE8}") = "OPUPMS.WebMvc", "OPUPMS.WebMvc", "{FD3FEE83-7A09-4A32-8811-0E4E35DC59A8}"
EndProject
Project("{2150E333-8FDC-42A3-9474-1A3956D46DE8}") = "OPUPMS.WebApi", "OPUPMS.WebApi", "{B479CAC6-CAA2-4A77-A50A-E2CBAF8CA296}"
EndProject
Project("{FAE04EC0-301F-11D3-BF4B-00C04F79EFBC}") = "OPUPMS.Infrastructure.Common", "OPUPMS.Infrastructure\OPUPMS.Infrastructure.Common\OPUPMS.Infrastructure.Common.csproj", "{68FA3E1C-9C35-4EE4-89F0-2FCCB510F85C}"
EndProject
Project("{2150E333-8FDC-42A3-9474-1A3956D46DE8}") = "OPUPMS.Domain", "OPUPMS.Domain", "{8DE21BE7-5811-47CF-B24C-7071DA4457E0}"
EndProject
Project("{2150E333-8FDC-42A3-9474-1A3956D46DE8}") = "OPUPMS.Domain.Hotel", "OPUPMS.Domain.Hotel", "{24F983E4-DFDC-450A-93BF-1DCA6000AE00}"
EndProject
Project("{FAE04EC0-301F-11D3-BF4B-00C04F79EFBC}") = "OPUPMS.Domain.Repository", "OPUPMS.Domain\OPUPMS.Domain\OPUPMS.Domain.Repository\OPUPMS.Domain.Repository.csproj", "{27D3D983-7190-4544-8ECD-C9320E07B2F7}"
EndProject
Project("{FAE04EC0-301F-11D3-BF4B-00C04F79EFBC}") = "OPUPMS.Domain.Services", "OPUPMS.Domain\OPUPMS.Domain\OPUPMS.Domain.Services\OPUPMS.Domain.Services.csproj", "{361CC697-B74D-4F94-94D9-A10EE6400DF2}"
EndProject
Project("{FAE04EC0-301F-11D3-BF4B-00C04F79EFBC}") = "OPUPMS.Domain.Base", "OPUPMS.Domain\OPUPMS.Domain\OPUPMS.Domain.Base\OPUPMS.Domain.Base.csproj", "{92CFCDBE-99DF-460B-9375-9DE7C431145C}"
EndProject
Project("{FAE04EC0-301F-11D3-BF4B-00C04F79EFBC}") = "OPUPMS.Domain.Hotel.Repository", "OPUPMS.Domain\OPUPMS.Domain.Hotel\OPUPMS.Domain.Hotel.Repository\OPUPMS.Domain.Hotel.Repository.csproj", "{2E2F8711-38E7-4CD6-8B19-579BF36C7834}"
EndProject
Project("{FAE04EC0-301F-11D3-BF4B-00C04F79EFBC}") = "OPUPMS.Domain.Hotel.Services", "OPUPMS.Domain\OPUPMS.Domain.Hotel\OPUPMS.Domain.Hotel.Services\OPUPMS.Domain.Hotel.Services.csproj", "{18F7C014-E7FD-4478-B0A6-9BB1EA0FBAAE}"
EndProject
Project("{2150E333-8FDC-42A3-9474-1A3956D46DE8}") = "6.OPUPMS.Tests", "6.OPUPMS.Tests", "{35AD9483-3FA1-4698-8D0B-1C2D3216C242}"
EndProject
Project("{FAE04EC0-301F-11D3-BF4B-00C04F79EFBC}") = "OPUPMS.Domain.Hotel.Model", "OPUPMS.Domain\OPUPMS.Domain.Hotel\OPUPMS.Domain.Hotel.Model\OPUPMS.Domain.Hotel.Model.csproj", "{B0F1D93D-5731-4D2F-BD7B-ECE5339FC166}"
EndProject
Project("{FAE04EC0-301F-11D3-BF4B-00C04F79EFBC}") = "OPUPMS.Web.Hotel", "OPUPMS.Plugins\OPUPMS.WebMvc\OPUPMS.Web.Hotel\OPUPMS.Web.Hotel.csproj", "{524D8C8E-D73B-4DF3-94A0-18DA09060E3F}"
EndProject
Project("{FAE04EC0-301F-11D3-BF4B-00C04F79EFBC}") = "OPUPMS.UI.Web.Framework", "OPUPMS.UI\OPUPMS.UI.Web.Framework\OPUPMS.UI.Web.Framework.csproj", "{61EDC35D-6787-4CA1-91C5-1A29E3C7D2DE}"
EndProject
Project("{FAE04EC0-301F-11D3-BF4B-00C04F79EFBC}") = "OPUPMS.Domain.AuthorizeService", "OPUPMS.Domain\OPUPMS.Domain\OPUPMS.Domain.AuthorizeService\OPUPMS.Domain.AuthorizeService.csproj", "{3E63DC69-3F19-4F81-B2D0-D5294695D3C2}"
EndProject
Project("{FAE04EC0-301F-11D3-BF4B-00C04F79EFBC}") = "OPUPMS.Tests", "OPUPMS.Tests\OPUPMS.Tests\OPUPMS.Tests.csproj", "{557C37E3-C7DB-4D79-A2B0-C872CDD986D2}"
EndProject
Project("{2150E333-8FDC-42A3-9474-1A3956D46DE8}") = "OPUPMS.Domain.Restaurant", "OPUPMS.Domain.Restaurant", "{B5694FB0-E405-44E8-A9E9-E5A0F6E5B82A}"
EndProject
Project("{FAE04EC0-301F-11D3-BF4B-00C04F79EFBC}") = "OPUPMS.Domain.Restaurant.Model", "OPUPMS.Domain\OPUPMS.Domain.Restaurant\OPUPMS.Domain.Restaurant.Model\OPUPMS.Domain.Restaurant.Model.csproj", "{8364931B-3DB0-4B73-B4C4-4BBE5B729222}"
EndProject
Project("{FAE04EC0-301F-11D3-BF4B-00C04F79EFBC}") = "OPUPMS.Domain.Restaurant.Repository", "OPUPMS.Domain\OPUPMS.Domain.Restaurant\OPUPMS.Domain.Restaurant.Repository\OPUPMS.Domain.Restaurant.Repository.csproj", "{AF827526-8B58-4E79-AB18-560F5EC8959F}"
EndProject
Project("{FAE04EC0-301F-11D3-BF4B-00C04F79EFBC}") = "OPUPMS.Domain.Restaurant.Services", "OPUPMS.Domain\OPUPMS.Domain.Restaurant\OPUPMS.Domain.Restaurant.Services\OPUPMS.Domain.Restaurant.Services.csproj", "{3896159C-1F48-4543-ADEE-5F7B9741D606}"
EndProject
Project("{FAE04EC0-301F-11D3-BF4B-00C04F79EFBC}") = "OPUPMS.Web.User", "OPUPMS.Plugins\OPUPMS.WebMvc\OPUPMS.Web.User\OPUPMS.Web.User.csproj", "{140BA89C-18A7-4EF6-B301-9E60E9621DCA}"
EndProject
Project("{FAE04EC0-301F-11D3-BF4B-00C04F79EFBC}") = "OPUPMS.Web.Restaurant", "OPUPMS.Plugins\OPUPMS.WebMvc\OPUPMS.Web.Restaurant\OPUPMS.Web.Restaurant.csproj", "{170C77C8-AE6F-44BF-B9A9-FE961D8C132F}"
EndProject
Project("{FAE04EC0-301F-11D3-BF4B-00C04F79EFBC}") = "OPUPMS.Web.MainSystem", "OPUPMS.Plugins\OPUPMS.WebMvc\OPUPMS.Web.MainSystem\OPUPMS.Web.MainSystem.csproj", "{BFFFBE6B-95CB-4912-8430-D22ABC928580}"
EndProject
Global
	GlobalSection(SolutionConfigurationPlatforms) = preSolution
		Debug|Any CPU = Debug|Any CPU
		Release|Any CPU = Release|Any CPU
	EndGlobalSection
	GlobalSection(ProjectConfigurationPlatforms) = postSolution
		{F6C4F7A1-C664-4D7D-A4B5-C5B594C15F92}.Debug|Any CPU.ActiveCfg = Debug|Any CPU
		{F6C4F7A1-C664-4D7D-A4B5-C5B594C15F92}.Debug|Any CPU.Build.0 = Debug|Any CPU
		{F6C4F7A1-C664-4D7D-A4B5-C5B594C15F92}.Release|Any CPU.ActiveCfg = Release|Any CPU
		{F6C4F7A1-C664-4D7D-A4B5-C5B594C15F92}.Release|Any CPU.Build.0 = Release|Any CPU
		{9260E709-81C7-48A9-9435-475BE75B2C5B}.Debug|Any CPU.ActiveCfg = Debug|Any CPU
		{9260E709-81C7-48A9-9435-475BE75B2C5B}.Debug|Any CPU.Build.0 = Debug|Any CPU
		{9260E709-81C7-48A9-9435-475BE75B2C5B}.Release|Any CPU.ActiveCfg = Release|Any CPU
		{9260E709-81C7-48A9-9435-475BE75B2C5B}.Release|Any CPU.Build.0 = Release|Any CPU
		{B7F79BCA-A547-482C-94E4-BC33674287CF}.Debug|Any CPU.ActiveCfg = Debug|Any CPU
		{B7F79BCA-A547-482C-94E4-BC33674287CF}.Debug|Any CPU.Build.0 = Debug|Any CPU
		{B7F79BCA-A547-482C-94E4-BC33674287CF}.Release|Any CPU.ActiveCfg = Release|Any CPU
		{B7F79BCA-A547-482C-94E4-BC33674287CF}.Release|Any CPU.Build.0 = Release|Any CPU
		{68FA3E1C-9C35-4EE4-89F0-2FCCB510F85C}.Debug|Any CPU.ActiveCfg = Debug|Any CPU
		{68FA3E1C-9C35-4EE4-89F0-2FCCB510F85C}.Debug|Any CPU.Build.0 = Debug|Any CPU
		{68FA3E1C-9C35-4EE4-89F0-2FCCB510F85C}.Release|Any CPU.ActiveCfg = Release|Any CPU
		{68FA3E1C-9C35-4EE4-89F0-2FCCB510F85C}.Release|Any CPU.Build.0 = Release|Any CPU
		{27D3D983-7190-4544-8ECD-C9320E07B2F7}.Debug|Any CPU.ActiveCfg = Debug|Any CPU
		{27D3D983-7190-4544-8ECD-C9320E07B2F7}.Debug|Any CPU.Build.0 = Debug|Any CPU
		{27D3D983-7190-4544-8ECD-C9320E07B2F7}.Release|Any CPU.ActiveCfg = Release|Any CPU
		{27D3D983-7190-4544-8ECD-C9320E07B2F7}.Release|Any CPU.Build.0 = Release|Any CPU
		{361CC697-B74D-4F94-94D9-A10EE6400DF2}.Debug|Any CPU.ActiveCfg = Debug|Any CPU
		{361CC697-B74D-4F94-94D9-A10EE6400DF2}.Debug|Any CPU.Build.0 = Debug|Any CPU
		{361CC697-B74D-4F94-94D9-A10EE6400DF2}.Release|Any CPU.ActiveCfg = Release|Any CPU
		{361CC697-B74D-4F94-94D9-A10EE6400DF2}.Release|Any CPU.Build.0 = Release|Any CPU
		{92CFCDBE-99DF-460B-9375-9DE7C431145C}.Debug|Any CPU.ActiveCfg = Debug|Any CPU
		{92CFCDBE-99DF-460B-9375-9DE7C431145C}.Debug|Any CPU.Build.0 = Debug|Any CPU
		{92CFCDBE-99DF-460B-9375-9DE7C431145C}.Release|Any CPU.ActiveCfg = Release|Any CPU
		{92CFCDBE-99DF-460B-9375-9DE7C431145C}.Release|Any CPU.Build.0 = Release|Any CPU
		{2E2F8711-38E7-4CD6-8B19-579BF36C7834}.Debug|Any CPU.ActiveCfg = Debug|Any CPU
		{2E2F8711-38E7-4CD6-8B19-579BF36C7834}.Debug|Any CPU.Build.0 = Debug|Any CPU
		{2E2F8711-38E7-4CD6-8B19-579BF36C7834}.Release|Any CPU.ActiveCfg = Release|Any CPU
		{2E2F8711-38E7-4CD6-8B19-579BF36C7834}.Release|Any CPU.Build.0 = Release|Any CPU
		{18F7C014-E7FD-4478-B0A6-9BB1EA0FBAAE}.Debug|Any CPU.ActiveCfg = Debug|Any CPU
		{18F7C014-E7FD-4478-B0A6-9BB1EA0FBAAE}.Debug|Any CPU.Build.0 = Debug|Any CPU
		{18F7C014-E7FD-4478-B0A6-9BB1EA0FBAAE}.Release|Any CPU.ActiveCfg = Release|Any CPU
		{18F7C014-E7FD-4478-B0A6-9BB1EA0FBAAE}.Release|Any CPU.Build.0 = Release|Any CPU
		{B0F1D93D-5731-4D2F-BD7B-ECE5339FC166}.Debug|Any CPU.ActiveCfg = Debug|Any CPU
		{B0F1D93D-5731-4D2F-BD7B-ECE5339FC166}.Debug|Any CPU.Build.0 = Debug|Any CPU
		{B0F1D93D-5731-4D2F-BD7B-ECE5339FC166}.Release|Any CPU.ActiveCfg = Release|Any CPU
		{B0F1D93D-5731-4D2F-BD7B-ECE5339FC166}.Release|Any CPU.Build.0 = Release|Any CPU
		{524D8C8E-D73B-4DF3-94A0-18DA09060E3F}.Debug|Any CPU.ActiveCfg = Debug|Any CPU
		{524D8C8E-D73B-4DF3-94A0-18DA09060E3F}.Debug|Any CPU.Build.0 = Debug|Any CPU
		{524D8C8E-D73B-4DF3-94A0-18DA09060E3F}.Release|Any CPU.ActiveCfg = Release|Any CPU
		{524D8C8E-D73B-4DF3-94A0-18DA09060E3F}.Release|Any CPU.Build.0 = Release|Any CPU
		{61EDC35D-6787-4CA1-91C5-1A29E3C7D2DE}.Debug|Any CPU.ActiveCfg = Debug|Any CPU
		{61EDC35D-6787-4CA1-91C5-1A29E3C7D2DE}.Debug|Any CPU.Build.0 = Debug|Any CPU
		{61EDC35D-6787-4CA1-91C5-1A29E3C7D2DE}.Release|Any CPU.ActiveCfg = Release|Any CPU
		{61EDC35D-6787-4CA1-91C5-1A29E3C7D2DE}.Release|Any CPU.Build.0 = Release|Any CPU
		{3E63DC69-3F19-4F81-B2D0-D5294695D3C2}.Debug|Any CPU.ActiveCfg = Debug|Any CPU
		{3E63DC69-3F19-4F81-B2D0-D5294695D3C2}.Debug|Any CPU.Build.0 = Debug|Any CPU
		{3E63DC69-3F19-4F81-B2D0-D5294695D3C2}.Release|Any CPU.ActiveCfg = Release|Any CPU
		{3E63DC69-3F19-4F81-B2D0-D5294695D3C2}.Release|Any CPU.Build.0 = Release|Any CPU
		{557C37E3-C7DB-4D79-A2B0-C872CDD986D2}.Debug|Any CPU.ActiveCfg = Debug|Any CPU
		{557C37E3-C7DB-4D79-A2B0-C872CDD986D2}.Debug|Any CPU.Build.0 = Debug|Any CPU
		{557C37E3-C7DB-4D79-A2B0-C872CDD986D2}.Release|Any CPU.ActiveCfg = Release|Any CPU
		{557C37E3-C7DB-4D79-A2B0-C872CDD986D2}.Release|Any CPU.Build.0 = Release|Any CPU
		{8364931B-3DB0-4B73-B4C4-4BBE5B729222}.Debug|Any CPU.ActiveCfg = Debug|Any CPU
		{8364931B-3DB0-4B73-B4C4-4BBE5B729222}.Debug|Any CPU.Build.0 = Debug|Any CPU
		{8364931B-3DB0-4B73-B4C4-4BBE5B729222}.Release|Any CPU.ActiveCfg = Release|Any CPU
		{8364931B-3DB0-4B73-B4C4-4BBE5B729222}.Release|Any CPU.Build.0 = Release|Any CPU
		{AF827526-8B58-4E79-AB18-560F5EC8959F}.Debug|Any CPU.ActiveCfg = Debug|Any CPU
		{AF827526-8B58-4E79-AB18-560F5EC8959F}.Debug|Any CPU.Build.0 = Debug|Any CPU
		{AF827526-8B58-4E79-AB18-560F5EC8959F}.Release|Any CPU.ActiveCfg = Release|Any CPU
		{AF827526-8B58-4E79-AB18-560F5EC8959F}.Release|Any CPU.Build.0 = Release|Any CPU
		{3896159C-1F48-4543-ADEE-5F7B9741D606}.Debug|Any CPU.ActiveCfg = Debug|Any CPU
		{3896159C-1F48-4543-ADEE-5F7B9741D606}.Debug|Any CPU.Build.0 = Debug|Any CPU
		{3896159C-1F48-4543-ADEE-5F7B9741D606}.Release|Any CPU.ActiveCfg = Release|Any CPU
		{3896159C-1F48-4543-ADEE-5F7B9741D606}.Release|Any CPU.Build.0 = Release|Any CPU
		{140BA89C-18A7-4EF6-B301-9E60E9621DCA}.Debug|Any CPU.ActiveCfg = Debug|Any CPU
		{140BA89C-18A7-4EF6-B301-9E60E9621DCA}.Debug|Any CPU.Build.0 = Debug|Any CPU
		{140BA89C-18A7-4EF6-B301-9E60E9621DCA}.Release|Any CPU.ActiveCfg = Release|Any CPU
		{140BA89C-18A7-4EF6-B301-9E60E9621DCA}.Release|Any CPU.Build.0 = Release|Any CPU
		{170C77C8-AE6F-44BF-B9A9-FE961D8C132F}.Debug|Any CPU.ActiveCfg = Debug|Any CPU
		{170C77C8-AE6F-44BF-B9A9-FE961D8C132F}.Debug|Any CPU.Build.0 = Debug|Any CPU
		{170C77C8-AE6F-44BF-B9A9-FE961D8C132F}.Release|Any CPU.ActiveCfg = Release|Any CPU
		{170C77C8-AE6F-44BF-B9A9-FE961D8C132F}.Release|Any CPU.Build.0 = Release|Any CPU
		{BFFFBE6B-95CB-4912-8430-D22ABC928580}.Debug|Any CPU.ActiveCfg = Debug|Any CPU
		{BFFFBE6B-95CB-4912-8430-D22ABC928580}.Debug|Any CPU.Build.0 = Debug|Any CPU
		{BFFFBE6B-95CB-4912-8430-D22ABC928580}.Release|Any CPU.ActiveCfg = Release|Any CPU
		{BFFFBE6B-95CB-4912-8430-D22ABC928580}.Release|Any CPU.Build.0 = Release|Any CPU
	EndGlobalSection
	GlobalSection(SolutionProperties) = preSolution
		HideSolutionNode = FALSE
	EndGlobalSection
	GlobalSection(NestedProjects) = preSolution
		{F6C4F7A1-C664-4D7D-A4B5-C5B594C15F92} = {2A07304D-045B-46CE-98A1-C64585BBDB17}
		{9260E709-81C7-48A9-9435-475BE75B2C5B} = {6CB8AB6F-2297-45F7-B915-B5C4361D9461}
		{B7F79BCA-A547-482C-94E4-BC33674287CF} = {A30C403A-2ACF-48D9-8C68-036533D17D61}
		{FD3FEE83-7A09-4A32-8811-0E4E35DC59A8} = {0F2AC528-508A-4315-8B2C-6F367F94C02D}
		{B479CAC6-CAA2-4A77-A50A-E2CBAF8CA296} = {0F2AC528-508A-4315-8B2C-6F367F94C02D}
		{68FA3E1C-9C35-4EE4-89F0-2FCCB510F85C} = {A30C403A-2ACF-48D9-8C68-036533D17D61}
		{8DE21BE7-5811-47CF-B24C-7071DA4457E0} = {B3C9A6E7-753C-4BD3-A7DF-DA200C024593}
		{24F983E4-DFDC-450A-93BF-1DCA6000AE00} = {B3C9A6E7-753C-4BD3-A7DF-DA200C024593}
		{27D3D983-7190-4544-8ECD-C9320E07B2F7} = {8DE21BE7-5811-47CF-B24C-7071DA4457E0}
		{361CC697-B74D-4F94-94D9-A10EE6400DF2} = {8DE21BE7-5811-47CF-B24C-7071DA4457E0}
		{92CFCDBE-99DF-460B-9375-9DE7C431145C} = {8DE21BE7-5811-47CF-B24C-7071DA4457E0}
		{2E2F8711-38E7-4CD6-8B19-579BF36C7834} = {24F983E4-DFDC-450A-93BF-1DCA6000AE00}
		{18F7C014-E7FD-4478-B0A6-9BB1EA0FBAAE} = {24F983E4-DFDC-450A-93BF-1DCA6000AE00}
		{B0F1D93D-5731-4D2F-BD7B-ECE5339FC166} = {24F983E4-DFDC-450A-93BF-1DCA6000AE00}
		{524D8C8E-D73B-4DF3-94A0-18DA09060E3F} = {FD3FEE83-7A09-4A32-8811-0E4E35DC59A8}
		{61EDC35D-6787-4CA1-91C5-1A29E3C7D2DE} = {2A07304D-045B-46CE-98A1-C64585BBDB17}
		{3E63DC69-3F19-4F81-B2D0-D5294695D3C2} = {8DE21BE7-5811-47CF-B24C-7071DA4457E0}
		{557C37E3-C7DB-4D79-A2B0-C872CDD986D2} = {35AD9483-3FA1-4698-8D0B-1C2D3216C242}
		{B5694FB0-E405-44E8-A9E9-E5A0F6E5B82A} = {B3C9A6E7-753C-4BD3-A7DF-DA200C024593}
		{8364931B-3DB0-4B73-B4C4-4BBE5B729222} = {B5694FB0-E405-44E8-A9E9-E5A0F6E5B82A}
		{AF827526-8B58-4E79-AB18-560F5EC8959F} = {B5694FB0-E405-44E8-A9E9-E5A0F6E5B82A}
		{3896159C-1F48-4543-ADEE-5F7B9741D606} = {B5694FB0-E405-44E8-A9E9-E5A0F6E5B82A}
		{140BA89C-18A7-4EF6-B301-9E60E9621DCA} = {FD3FEE83-7A09-4A32-8811-0E4E35DC59A8}
		{170C77C8-AE6F-44BF-B9A9-FE961D8C132F} = {FD3FEE83-7A09-4A32-8811-0E4E35DC59A8}
		{BFFFBE6B-95CB-4912-8430-D22ABC928580} = {FD3FEE83-7A09-4A32-8811-0E4E35DC59A8}
	EndGlobalSection
EndGlobal
